// !$*UTF8*$!
{
	archiveVersion = 1;
	classes = {
	};
	objectVersion = 46;
	objects = {

/* Begin PBXBuildFile section */
		71190B6F1EE92BE300DA4CBE /* UIButton+extension.swift in Sources */ = {isa = PBXBuildFile; fileRef = 71190B6E1EE92BE300DA4CBE /* UIButton+extension.swift */; };
		71190B701EE92BE300DA4CBE /* UIButton+extension.swift in Sources */ = {isa = PBXBuildFile; fileRef = 71190B6E1EE92BE300DA4CBE /* UIButton+extension.swift */; };
		71190B711EE92BE300DA4CBE /* UIButton+extension.swift in Sources */ = {isa = PBXBuildFile; fileRef = 71190B6E1EE92BE300DA4CBE /* UIButton+extension.swift */; };
		7136C57F1EE8F18B005D99E9 /* AppDelegate.swift in Sources */ = {isa = PBXBuildFile; fileRef = 7136C57E1EE8F18B005D99E9 /* AppDelegate.swift */; };
		7136C5811EE8F18B005D99E9 /* ViewController.swift in Sources */ = {isa = PBXBuildFile; fileRef = 7136C5801EE8F18B005D99E9 /* ViewController.swift */; };
		7136C5841EE8F18B005D99E9 /* Main.storyboard in Resources */ = {isa = PBXBuildFile; fileRef = 7136C5821EE8F18B005D99E9 /* Main.storyboard */; };
		7136C5861EE8F18B005D99E9 /* Assets.xcassets in Resources */ = {isa = PBXBuildFile; fileRef = 7136C5851EE8F18B005D99E9 /* Assets.xcassets */; };
		7136C5891EE8F18B005D99E9 /* LaunchScreen.storyboard in Resources */ = {isa = PBXBuildFile; fileRef = 7136C5871EE8F18B005D99E9 /* LaunchScreen.storyboard */; };
		7136C5941EE8F18B005D99E9 /* XExtension_SwiftTests.swift in Sources */ = {isa = PBXBuildFile; fileRef = 7136C5931EE8F18B005D99E9 /* XExtension_SwiftTests.swift */; };
		7136C59F1EE8F18B005D99E9 /* XExtension_SwiftUITests.swift in Sources */ = {isa = PBXBuildFile; fileRef = 7136C59E1EE8F18B005D99E9 /* XExtension_SwiftUITests.swift */; };
		7136C5AF1EE8F212005D99E9 /* UIView+extension.swift in Sources */ = {isa = PBXBuildFile; fileRef = 7136C5AE1EE8F212005D99E9 /* UIView+extension.swift */; };
		7136C5B01EE8F212005D99E9 /* UIView+extension.swift in Sources */ = {isa = PBXBuildFile; fileRef = 7136C5AE1EE8F212005D99E9 /* UIView+extension.swift */; };
		7136C5B11EE8F212005D99E9 /* UIView+extension.swift in Sources */ = {isa = PBXBuildFile; fileRef = 7136C5AE1EE8F212005D99E9 /* UIView+extension.swift */; };
/* End PBXBuildFile section */

/* Begin PBXContainerItemProxy section */
		7136C5901EE8F18B005D99E9 /* PBXContainerItemProxy */ = {
			isa = PBXContainerItemProxy;
			containerPortal = 7136C5731EE8F18B005D99E9 /* Project object */;
			proxyType = 1;
			remoteGlobalIDString = 7136C57A1EE8F18B005D99E9;
			remoteInfo = XExtension_Swift;
		};
		7136C59B1EE8F18B005D99E9 /* PBXContainerItemProxy */ = {
			isa = PBXContainerItemProxy;
			containerPortal = 7136C5731EE8F18B005D99E9 /* Project object */;
			proxyType = 1;
			remoteGlobalIDString = 7136C57A1EE8F18B005D99E9;
			remoteInfo = XExtension_Swift;
		};
/* End PBXContainerItemProxy section */

/* Begin PBXFileReference section */
		71190B6E1EE92BE300DA4CBE /* UIButton+extension.swift */ = {isa = PBXFileReference; fileEncoding = 4; lastKnownFileType = sourcecode.swift; path = "UIButton+extension.swift"; sourceTree = "<group>"; };
		7136C57B1EE8F18B005D99E9 /* XExtension_Swift.app */ = {isa = PBXFileReference; explicitFileType = wrapper.application; includeInIndex = 0; path = XExtension_Swift.app; sourceTree = BUILT_PRODUCTS_DIR; };
		7136C57E1EE8F18B005D99E9 /* AppDelegate.swift */ = {isa = PBXFileReference; lastKnownFileType = sourcecode.swift; path = AppDelegate.swift; sourceTree = "<group>"; };
		7136C5801EE8F18B005D99E9 /* ViewController.swift */ = {isa = PBXFileReference; lastKnownFileType = sourcecode.swift; path = ViewController.swift; sourceTree = "<group>"; };
		7136C5831EE8F18B005D99E9 /* Base */ = {isa = PBXFileReference; lastKnownFileType = file.storyboard; name = Base; path = Base.lproj/Main.storyboard; sourceTree = "<group>"; };
		7136C5851EE8F18B005D99E9 /* Assets.xcassets */ = {isa = PBXFileReference; lastKnownFileType = folder.assetcatalog; path = Assets.xcassets; sourceTree = "<group>"; };
		7136C5881EE8F18B005D99E9 /* Base */ = {isa = PBXFileReference; lastKnownFileType = file.storyboard; name = Base; path = Base.lproj/LaunchScreen.storyboard; sourceTree = "<group>"; };
		7136C58A1EE8F18B005D99E9 /* Info.plist */ = {isa = PBXFileReference; lastKnownFileType = text.plist.xml; path = Info.plist; sourceTree = "<group>"; };
		7136C58F1EE8F18B005D99E9 /* XExtension_SwiftTests.xctest */ = {isa = PBXFileReference; explicitFileType = wrapper.cfbundle; includeInIndex = 0; path = XExtension_SwiftTests.xctest; sourceTree = BUILT_PRODUCTS_DIR; };
		7136C5931EE8F18B005D99E9 /* XExtension_SwiftTests.swift */ = {isa = PBXFileReference; lastKnownFileType = sourcecode.swift; path = XExtension_SwiftTests.swift; sourceTree = "<group>"; };
		7136C5951EE8F18B005D99E9 /* Info.plist */ = {isa = PBXFileReference; lastKnownFileType = text.plist.xml; path = Info.plist; sourceTree = "<group>"; };
		7136C59A1EE8F18B005D99E9 /* XExtension_SwiftUITests.xctest */ = {isa = PBXFileReference; explicitFileType = wrapper.cfbundle; includeInIndex = 0; path = XExtension_SwiftUITests.xctest; sourceTree = BUILT_PRODUCTS_DIR; };
		7136C59E1EE8F18B005D99E9 /* XExtension_SwiftUITests.swift */ = {isa = PBXFileReference; lastKnownFileType = sourcecode.swift; path = XExtension_SwiftUITests.swift; sourceTree = "<group>"; };
		7136C5A01EE8F18B005D99E9 /* Info.plist */ = {isa = PBXFileReference; lastKnownFileType = text.plist.xml; path = Info.plist; sourceTree = "<group>"; };
		7136C5AE1EE8F212005D99E9 /* UIView+extension.swift */ = {isa = PBXFileReference; fileEncoding = 4; lastKnownFileType = sourcecode.swift; path = "UIView+extension.swift"; sourceTree = "<group>"; };
/* End PBXFileReference section */

/* Begin PBXFrameworksBuildPhase section */
		7136C5781EE8F18B005D99E9 /* Frameworks */ = {
			isa = PBXFrameworksBuildPhase;
			buildActionMask = 2147483647;
			files = (
			);
			runOnlyForDeploymentPostprocessing = 0;
		};
		7136C58C1EE8F18B005D99E9 /* Frameworks */ = {
			isa = PBXFrameworksBuildPhase;
			buildActionMask = 2147483647;
			files = (
			);
			runOnlyForDeploymentPostprocessing = 0;
		};
		7136C5971EE8F18B005D99E9 /* Frameworks */ = {
			isa = PBXFrameworksBuildPhase;
			buildActionMask = 2147483647;
			files = (
			);
			runOnlyForDeploymentPostprocessing = 0;
		};
/* End PBXFrameworksBuildPhase section */

/* Begin PBXGroup section */
		7136C5721EE8F18B005D99E9 = {
			isa = PBXGroup;
			children = (
				7136C5AC1EE8F1D6005D99E9 /* Class */,
				7136C57D1EE8F18B005D99E9 /* XExtension_Swift */,
				7136C5921EE8F18B005D99E9 /* XExtension_SwiftTests */,
				7136C59D1EE8F18B005D99E9 /* XExtension_SwiftUITests */,
				7136C57C1EE8F18B005D99E9 /* Products */,
			);
			sourceTree = "<group>";
		};
		7136C57C1EE8F18B005D99E9 /* Products */ = {
			isa = PBXGroup;
			children = (
				7136C57B1EE8F18B005D99E9 /* XExtension_Swift.app */,
				7136C58F1EE8F18B005D99E9 /* XExtension_SwiftTests.xctest */,
				7136C59A1EE8F18B005D99E9 /* XExtension_SwiftUITests.xctest */,
			);
			name = Products;
			sourceTree = "<group>";
		};
		7136C57D1EE8F18B005D99E9 /* XExtension_Swift */ = {
			isa = PBXGroup;
			children = (
				7136C57E1EE8F18B005D99E9 /* AppDelegate.swift */,
				7136C5801EE8F18B005D99E9 /* ViewController.swift */,
				7136C5821EE8F18B005D99E9 /* Main.storyboard */,
				7136C5851EE8F18B005D99E9 /* Assets.xcassets */,
				7136C5871EE8F18B005D99E9 /* LaunchScreen.storyboard */,
				7136C58A1EE8F18B005D99E9 /* Info.plist */,
			);
			path = XExtension_Swift;
			sourceTree = "<group>";
		};
		7136C5921EE8F18B005D99E9 /* XExtension_SwiftTests */ = {
			isa = PBXGroup;
			children = (
				7136C5931EE8F18B005D99E9 /* XExtension_SwiftTests.swift */,
				7136C5951EE8F18B005D99E9 /* Info.plist */,
			);
			path = XExtension_SwiftTests;
			sourceTree = "<group>";
		};
		7136C59D1EE8F18B005D99E9 /* XExtension_SwiftUITests */ = {
			isa = PBXGroup;
			children = (
				7136C59E1EE8F18B005D99E9 /* XExtension_SwiftUITests.swift */,
				7136C5A01EE8F18B005D99E9 /* Info.plist */,
			);
			path = XExtension_SwiftUITests;
			sourceTree = "<group>";
		};
		7136C5AC1EE8F1D6005D99E9 /* Class */ = {
			isa = PBXGroup;
			children = (
				7136C5AD1EE8F1E9005D99E9 /* Ext */,
			);
			path = Class;
			sourceTree = "<group>";
		};
		7136C5AD1EE8F1E9005D99E9 /* Ext */ = {
			isa = PBXGroup;
			children = (
				71190B6E1EE92BE300DA4CBE /* UIButton+extension.swift */,
				7136C5AE1EE8F212005D99E9 /* UIView+extension.swift */,
			);
			path = Ext;
			sourceTree = "<group>";
		};
/* End PBXGroup section */

/* Begin PBXNativeTarget section */
		7136C57A1EE8F18B005D99E9 /* XExtension_Swift */ = {
			isa = PBXNativeTarget;
			buildConfigurationList = 7136C5A31EE8F18B005D99E9 /* Build configuration list for PBXNativeTarget "XExtension_Swift" */;
			buildPhases = (
				7136C5771EE8F18B005D99E9 /* Sources */,
				7136C5781EE8F18B005D99E9 /* Frameworks */,
				7136C5791EE8F18B005D99E9 /* Resources */,
			);
			buildRules = (
			);
			dependencies = (
			);
			name = XExtension_Swift;
			productName = XExtension_Swift;
			productReference = 7136C57B1EE8F18B005D99E9 /* XExtension_Swift.app */;
			productType = "com.apple.product-type.application";
		};
		7136C58E1EE8F18B005D99E9 /* XExtension_SwiftTests */ = {
			isa = PBXNativeTarget;
			buildConfigurationList = 7136C5A61EE8F18B005D99E9 /* Build configuration list for PBXNativeTarget "XExtension_SwiftTests" */;
			buildPhases = (
				7136C58B1EE8F18B005D99E9 /* Sources */,
				7136C58C1EE8F18B005D99E9 /* Frameworks */,
				7136C58D1EE8F18B005D99E9 /* Resources */,
			);
			buildRules = (
			);
			dependencies = (
				7136C5911EE8F18B005D99E9 /* PBXTargetDependency */,
			);
			name = XExtension_SwiftTests;
			productName = XExtension_SwiftTests;
			productReference = 7136C58F1EE8F18B005D99E9 /* XExtension_SwiftTests.xctest */;
			productType = "com.apple.product-type.bundle.unit-test";
		};
		7136C5991EE8F18B005D99E9 /* XExtension_SwiftUITests */ = {
			isa = PBXNativeTarget;
			buildConfigurationList = 7136C5A91EE8F18B005D99E9 /* Build configuration list for PBXNativeTarget "XExtension_SwiftUITests" */;
			buildPhases = (
				7136C5961EE8F18B005D99E9 /* Sources */,
				7136C5971EE8F18B005D99E9 /* Frameworks */,
				7136C5981EE8F18B005D99E9 /* Resources */,
			);
			buildRules = (
			);
			dependencies = (
				7136C59C1EE8F18B005D99E9 /* PBXTargetDependency */,
			);
			name = XExtension_SwiftUITests;
			productName = XExtension_SwiftUITests;
			productReference = 7136C59A1EE8F18B005D99E9 /* XExtension_SwiftUITests.xctest */;
			productType = "com.apple.product-type.bundle.ui-testing";
		};
/* End PBXNativeTarget section */

/* Begin PBXProject section */
		7136C5731EE8F18B005D99E9 /* Project object */ = {
			isa = PBXProject;
			attributes = {
				LastSwiftUpdateCheck = 0830;
				LastUpgradeCheck = 0830;
				ORGANIZATIONNAME = "关伟洪";
				TargetAttributes = {
					7136C57A1EE8F18B005D99E9 = {
						CreatedOnToolsVersion = 8.3.1;
						DevelopmentTeam = 66NGKKURC7;
						ProvisioningStyle = Automatic;
					};
					7136C58E1EE8F18B005D99E9 = {
						CreatedOnToolsVersion = 8.3.1;
						DevelopmentTeam = 66NGKKURC7;
						ProvisioningStyle = Automatic;
						TestTargetID = 7136C57A1EE8F18B005D99E9;
					};
					7136C5991EE8F18B005D99E9 = {
						CreatedOnToolsVersion = 8.3.1;
						DevelopmentTeam = 66NGKKURC7;
						ProvisioningStyle = Automatic;
						TestTargetID = 7136C57A1EE8F18B005D99E9;
					};
				};
			};
			buildConfigurationList = 7136C5761EE8F18B005D99E9 /* Build configuration list for PBXProject "XExtension_Swift" */;
			compatibilityVersion = "Xcode 3.2";
			developmentRegion = English;
			hasScannedForEncodings = 0;
			knownRegions = (
				en,
				Base,
			);
			mainGroup = 7136C5721EE8F18B005D99E9;
			productRefGroup = 7136C57C1EE8F18B005D99E9 /* Products */;
			projectDirPath = "";
			projectRoot = "";
			targets = (
				7136C57A1EE8F18B005D99E9 /* XExtension_Swift */,
				7136C58E1EE8F18B005D99E9 /* XExtension_SwiftTests */,
				7136C5991EE8F18B005D99E9 /* XExtension_SwiftUITests */,
			);
		};
/* End PBXProject section */

/* Begin PBXResourcesBuildPhase section */
		7136C5791EE8F18B005D99E9 /* Resources */ = {
			isa = PBXResourcesBuildPhase;
			buildActionMask = 2147483647;
			files = (
				7136C5891EE8F18B005D99E9 /* LaunchScreen.storyboard in Resources */,
				7136C5861EE8F18B005D99E9 /* Assets.xcassets in Resources */,
				7136C5841EE8F18B005D99E9 /* Main.storyboard in Resources */,
			);
			runOnlyForDeploymentPostprocessing = 0;
		};
		7136C58D1EE8F18B005D99E9 /* Resources */ = {
			isa = PBXResourcesBuildPhase;
			buildActionMask = 2147483647;
			files = (
			);
			runOnlyForDeploymentPostprocessing = 0;
		};
		7136C5981EE8F18B005D99E9 /* Resources */ = {
			isa = PBXResourcesBuildPhase;
			buildActionMask = 2147483647;
			files = (
			);
			runOnlyForDeploymentPostprocessing = 0;
		};
/* End PBXResourcesBuildPhase section */

/* Begin PBXSourcesBuildPhase section */
		7136C5771EE8F18B005D99E9 /* Sources */ = {
			isa = PBXSourcesBuildPhase;
			buildActionMask = 2147483647;
			files = (
				7136C5AF1EE8F212005D99E9 /* UIView+extension.swift in Sources */,
				71190B6F1EE92BE300DA4CBE /* UIButton+extension.swift in Sources */,
				7136C5811EE8F18B005D99E9 /* ViewController.swift in Sources */,
				7136C57F1EE8F18B005D99E9 /* AppDelegate.swift in Sources */,
			);
			runOnlyForDeploymentPostprocessing = 0;
		};
		7136C58B1EE8F18B005D99E9 /* Sources */ = {
			isa = PBXSourcesBuildPhase;
			buildActionMask = 2147483647;
			files = (
				7136C5B01EE8F212005D99E9 /* UIView+extension.swift in Sources */,
				7136C5941EE8F18B005D99E9 /* XExtension_SwiftTests.swift in Sources */,
				71190B701EE92BE300DA4CBE /* UIButton+extension.swift in Sources */,
			);
			runOnlyForDeploymentPostprocessing = 0;
		};
		7136C5961EE8F18B005D99E9 /* Sources */ = {
			isa = PBXSourcesBuildPhase;
			buildActionMask = 2147483647;
			files = (
				7136C5B11EE8F212005D99E9 /* UIView+extension.swift in Sources */,
				7136C59F1EE8F18B005D99E9 /* XExtension_SwiftUITests.swift in Sources */,
				71190B711EE92BE300DA4CBE /* UIButton+extension.swift in Sources */,
			);
			runOnlyForDeploymentPostprocessing = 0;
		};
/* End PBXSourcesBuildPhase section */

/* Begin PBXTargetDependency section */
		7136C5911EE8F18B005D99E9 /* PBXTargetDependency */ = {
			isa = PBXTargetDependency;
			target = 7136C57A1EE8F18B005D99E9 /* XExtension_Swift */;
			targetProxy = 7136C5901EE8F18B005D99E9 /* PBXContainerItemProxy */;
		};
		7136C59C1EE8F18B005D99E9 /* PBXTargetDependency */ = {
			isa = PBXTargetDependency;
			target = 7136C57A1EE8F18B005D99E9 /* XExtension_Swift */;
			targetProxy = 7136C59B1EE8F18B005D99E9 /* PBXContainerItemProxy */;
		};
/* End PBXTargetDependency section */

/* Begin PBXVariantGroup section */
		7136C5821EE8F18B005D99E9 /* Main.storyboard */ = {
			isa = PBXVariantGroup;
			children = (
				7136C5831EE8F18B005D99E9 /* Base */,
			);
			name = Main.storyboard;
			sourceTree = "<group>";
		};
		7136C5871EE8F18B005D99E9 /* LaunchScreen.storyboard */ = {
			isa = PBXVariantGroup;
			children = (
				7136C5881EE8F18B005D99E9 /* Base */,
			);
			name = LaunchScreen.storyboard;
			sourceTree = "<group>";
		};
/* End PBXVariantGroup section */

/* Begin XCBuildConfiguration section */
		7136C5A11EE8F18B005D99E9 /* Debug */ = {
			isa = XCBuildConfiguration;
			buildSettings = {
				ALWAYS_SEARCH_USER_PATHS = NO;
				CLANG_ANALYZER_NONNULL = YES;
				CLANG_ANALYZER_NUMBER_OBJECT_CONVERSION = YES_AGGRESSIVE;
				CLANG_CXX_LANGUAGE_STANDARD = "gnu++0x";
				CLANG_CXX_LIBRARY = "libc++";
				CLANG_ENABLE_MODULES = YES;
				CLANG_ENABLE_OBJC_ARC = YES;
				CLANG_WARN_BOOL_CONVERSION = YES;
				CLANG_WARN_CONSTANT_CONVERSION = YES;
				CLANG_WARN_DIRECT_OBJC_ISA_USAGE = YES_ERROR;
				CLANG_WARN_DOCUMENTATION_COMMENTS = YES;
				CLANG_WARN_EMPTY_BODY = YES;
				CLANG_WARN_ENUM_CONVERSION = YES;
				CLANG_WARN_INFINITE_RECURSION = YES;
				CLANG_WARN_INT_CONVERSION = YES;
				CLANG_WARN_OBJC_ROOT_CLASS = YES_ERROR;
				CLANG_WARN_SUSPICIOUS_MOVE = YES;
				CLANG_WARN_UNREACHABLE_CODE = YES;
				CLANG_WARN__DUPLICATE_METHOD_MATCH = YES;
				"CODE_SIGN_IDENTITY[sdk=iphoneos*]" = "iPhone Developer";
				COPY_PHASE_STRIP = NO;
				DEBUG_INFORMATION_FORMAT = dwarf;
				ENABLE_STRICT_OBJC_MSGSEND = YES;
				ENABLE_TESTABILITY = YES;
				GCC_C_LANGUAGE_STANDARD = gnu99;
				GCC_DYNAMIC_NO_PIC = NO;
				GCC_NO_COMMON_BLOCKS = YES;
				GCC_OPTIMIZATION_LEVEL = 0;
				GCC_PREPROCESSOR_DEFINITIONS = (
					"DEBUG=1",
					"$(inherited)",
				);
				GCC_WARN_64_TO_32_BIT_CONVERSION = YES;
				GCC_WARN_ABOUT_RETURN_TYPE = YES_ERROR;
				GCC_WARN_UNDECLARED_SELECTOR = YES;
				GCC_WARN_UNINITIALIZED_AUTOS = YES_AGGRESSIVE;
				GCC_WARN_UNUSED_FUNCTION = YES;
				GCC_WARN_UNUSED_VARIABLE = YES;
				IPHONEOS_DEPLOYMENT_TARGET = 10.3;
				MTL_ENABLE_DEBUG_INFO = YES;
				ONLY_ACTIVE_ARCH = YES;
				SDKROOT = iphoneos;
				SWIFT_ACTIVE_COMPILATION_CONDITIONS = DEBUG;
				SWIFT_OPTIMIZATION_LEVEL = "-Onone";
				TARGETED_DEVICE_FAMILY = "1,2";
			};
			name = Debug;
		};
		7136C5A21EE8F18B005D99E9 /* Release */ = {
			isa = XCBuildConfiguration;
			buildSettings = {
				ALWAYS_SEARCH_USER_PATHS = NO;
				CLANG_ANALYZER_NONNULL = YES;
				CLANG_ANALYZER_NUMBER_OBJECT_CONVERSION = YES_AGGRESSIVE;
				CLANG_CXX_LANGUAGE_STANDARD = "gnu++0x";
				CLANG_CXX_LIBRARY = "libc++";
				CLANG_ENABLE_MODULES = YES;
				CLANG_ENABLE_OBJC_ARC = YES;
				CLANG_WARN_BOOL_CONVERSION = YES;
				CLANG_WARN_CONSTANT_CONVERSION = YES;
				CLANG_WARN_DIRECT_OBJC_ISA_USAGE = YES_ERROR;
				CLANG_WARN_DOCUMENTATION_COMMENTS = YES;
				CLANG_WARN_EMPTY_BODY = YES;
				CLANG_WARN_ENUM_CONVERSION = YES;
				CLANG_WARN_INFINITE_RECURSION = YES;
				CLANG_WARN_INT_CONVERSION = YES;
				CLANG_WARN_OBJC_ROOT_CLASS = YES_ERROR;
				CLANG_WARN_SUSPICIOUS_MOVE = YES;
				CLANG_WARN_UNREACHABLE_CODE = YES;
				CLANG_WARN__DUPLICATE_METHOD_MATCH = YES;
				"CODE_SIGN_IDENTITY[sdk=iphoneos*]" = "iPhone Developer";
				COPY_PHASE_STRIP = NO;
				DEBUG_INFORMATION_FORMAT = "dwarf-with-dsym";
				ENABLE_NS_ASSERTIONS = NO;
				ENABLE_STRICT_OBJC_MSGSEND = YES;
				GCC_C_LANGUAGE_STANDARD = gnu99;
				GCC_NO_COMMON_BLOCKS = YES;
				GCC_WARN_64_TO_32_BIT_CONVERSION = YES;
				GCC_WARN_ABOUT_RETURN_TYPE = YES_ERROR;
				GCC_WARN_UNDECLARED_SELECTOR = YES;
				GCC_WARN_UNINITIALIZED_AUTOS = YES_AGGRESSIVE;
				GCC_WARN_UNUSED_FUNCTION = YES;
				GCC_WARN_UNUSED_VARIABLE = YES;
				IPHONEOS_DEPLOYMENT_TARGET = 10.3;
				MTL_ENABLE_DEBUG_INFO = NO;
				SDKROOT = iphoneos;
				SWIFT_OPTIMIZATION_LEVEL = "-Owholemodule";
				TARGETED_DEVICE_FAMILY = "1,2";
				VALIDATE_PRODUCT = YES;
			};
			name = Release;
		};
		7136C5A41EE8F18B005D99E9 /* Debug */ = {
			isa = XCBuildConfiguration;
			buildSettings = {
				ASSETCATALOG_COMPILER_APPICON_NAME = AppIcon;
				DEVELOPMENT_TEAM = 66NGKKURC7;
				INFOPLIST_FILE = XExtension_Swift/Info.plist;
				LD_RUNPATH_SEARCH_PATHS = "$(inherited) @executable_path/Frameworks";
				PRODUCT_BUNDLE_IDENTIFIER = "com.xg.XExtension-Swift";
				PRODUCT_NAME = "$(TARGET_NAME)";
				SWIFT_VERSION = 3.0;
			};
			name = Debug;
		};
		7136C5A51EE8F18B005D99E9 /* Release */ = {
			isa = XCBuildConfiguration;
			buildSettings = {
				ASSETCATALOG_COMPILER_APPICON_NAME = AppIcon;
				DEVELOPMENT_TEAM = 66NGKKURC7;
				INFOPLIST_FILE = XExtension_Swift/Info.plist;
				LD_RUNPATH_SEARCH_PATHS = "$(inherited) @executable_path/Frameworks";
				PRODUCT_BUNDLE_IDENTIFIER = "com.xg.XExtension-Swift";
				PRODUCT_NAME = "$(TARGET_NAME)";
				SWIFT_VERSION = 3.0;
			};
			name = Release;
		};
		7136C5A71EE8F18B005D99E9 /* Debug */ = {
			isa = XCBuildConfiguration;
			buildSettings = {
				ALWAYS_EMBED_SWIFT_STANDARD_LIBRARIES = YES;
				BUNDLE_LOADER = "$(TEST_HOST)";
				DEVELOPMENT_TEAM = 66NGKKURC7;
				INFOPLIST_FILE = XExtension_SwiftTests/Info.plist;
				LD_RUNPATH_SEARCH_PATHS = "$(inherited) @executable_path/Frameworks @loader_path/Frameworks";
				PRODUCT_BUNDLE_IDENTIFIER = "com.xg.XExtension-SwiftTests";
				PRODUCT_NAME = "$(TARGET_NAME)";
				SWIFT_VERSION = 3.0;
				TEST_HOST = "$(BUILT_PRODUCTS_DIR)/XExtension_Swift.app/XExtension_Swift";
			};
			name = Debug;
		};
		7136C5A81EE8F18B005D99E9 /* Release */ = {
			isa = XCBuildConfiguration;
			buildSettings = {
				ALWAYS_EMBED_SWIFT_STANDARD_LIBRARIES = YES;
				BUNDLE_LOADER = "$(TEST_HOST)";
				DEVELOPMENT_TEAM = 66NGKKURC7;
				INFOPLIST_FILE = XExtension_SwiftTests/Info.plist;
				LD_RUNPATH_SEARCH_PATHS = "$(inherited) @executable_path/Frameworks @loader_path/Frameworks";
				PRODUCT_BUNDLE_IDENTIFIER = "com.xg.XExtension-SwiftTests";
				PRODUCT_NAME = "$(TARGET_NAME)";
				SWIFT_VERSION = 3.0;
				TEST_HOST = "$(BUILT_PRODUCTS_DIR)/XExtension_Swift.app/XExtension_Swift";
			};
			name = Release;
		};
		7136C5AA1EE8F18B005D99E9 /* Debug */ = {
			isa = XCBuildConfiguration;
			buildSettings = {
				ALWAYS_EMBED_SWIFT_STANDARD_LIBRARIES = YES;
				DEVELOPMENT_TEAM = 66NGKKURC7;
				INFOPLIST_FILE = XExtension_SwiftUITests/Info.plist;
				LD_RUNPATH_SEARCH_PATHS = "$(inherited) @executable_path/Frameworks @loader_path/Frameworks";
				PRODUCT_BUNDLE_IDENTIFIER = "com.xg.XExtension-SwiftUITests";
				PRODUCT_NAME = "$(TARGET_NAME)";
				SWIFT_VERSION = 3.0;
				TEST_TARGET_NAME = XExtension_Swift;
			};
			name = Debug;
		};
		7136C5AB1EE8F18B005D99E9 /* Release */ = {
			isa = XCBuildConfiguration;
			buildSettings = {
				ALWAYS_EMBED_SWIFT_STANDARD_LIBRARIES = YES;
				DEVELOPMENT_TEAM = 66NGKKURC7;
				INFOPLIST_FILE = XExtension_SwiftUITests/Info.plist;
				LD_RUNPATH_SEARCH_PATHS = "$(inherited) @executable_path/Frameworks @loader_path/Frameworks";
				PRODUCT_BUNDLE_IDENTIFIER = "com.xg.XExtension-SwiftUITests";
				PRODUCT_NAME = "$(TARGET_NAME)";
				SWIFT_VERSION = 3.0;
				TEST_TARGET_NAME = XExtension_Swift;
			};
			name = Release;
		};
/* End XCBuildConfiguration section */

/* Begin XCConfigurationList section */
		7136C5761EE8F18B005D99E9 /* Build configuration list for PBXProject "XExtension_Swift" */ = {
			isa = XCConfigurationList;
			buildConfigurations = (
				7136C5A11EE8F18B005D99E9 /* Debug */,
				7136C5A21EE8F18B005D99E9 /* Release */,
			);
			defaultConfigurationIsVisible = 0;
			defaultConfigurationName = Release;
		};
		7136C5A31EE8F18B005D99E9 /* Build configuration list for PBXNativeTarget "XExtension_Swift" */ = {
			isa = XCConfigurationList;
			buildConfigurations = (
				7136C5A41EE8F18B005D99E9 /* Debug */,
				7136C5A51EE8F18B005D99E9 /* Release */,
			);
			defaultConfigurationIsVisible = 0;
			defaultConfigurationName = Release;
		};
		7136C5A61EE8F18B005D99E9 /* Build configuration list for PBXNativeTarget "XExtension_SwiftTests" */ = {
			isa = XCConfigurationList;
			buildConfigurations = (
				7136C5A71EE8F18B005D99E9 /* Debug */,
				7136C5A81EE8F18B005D99E9 /* Release */,
			);
			defaultConfigurationIsVisible = 0;
			defaultConfigurationName = Release;
		};
		7136C5A91EE8F18B005D99E9 /* Build configuration list for PBXNativeTarget "XExtension_SwiftUITests" */ = {
			isa = XCConfigurationList;
			buildConfigurations = (
				7136C5AA1EE8F18B005D99E9 /* Debug */,
				7136C5AB1EE8F18B005D99E9 /* Release */,
			);
			defaultConfigurationIsVisible = 0;
			defaultConfigurationName = Release;
		};
/* End XCConfigurationList section */
	};
	rootObject = 7136C5731EE8F18B005D99E9 /* Project object */;
}
